
Microsoft Visual Studio Solution File, Format Version 12.00
# Visual Studio Version 17
VisualStudioVersion = 17.1.32210.238
MinimumVisualStudioVersion = 10.0.40219.1
Project("{FAE04EC0-301F-11D3-BF4B-00C04F79EFBC}") = "RENT-CAR", "RENT-CAR.csproj", "{7C905F1F-D6CE-410A-9194-9623A5D1B74C}"
EndProject
Global
	GlobalSection(SolutionConfigurationPlatforms) = preSolution
		Debug|Any CPU = Debug|Any CPU
		Release|Any CPU = Release|Any CPU
	EndGlobalSection
	GlobalSection(ProjectConfigurationPlatforms) = postSolution
		{7C905F1F-D6CE-410A-9194-9623A5D1B74C}.Debug|Any CPU.ActiveCfg = Debug|Any CPU
		{7C905F1F-D6CE-410A-9194-9623A5D1B74C}.Debug|Any CPU.Build.0 = Debug|Any CPU
		{7C905F1F-D6CE-410A-9194-9623A5D1B74C}.Release|Any CPU.ActiveCfg = Release|Any CPU
		{7C905F1F-D6CE-410A-9194-9623A5D1B74C}.Release|Any CPU.Build.0 = Release|Any CPU
	EndGlobalSection
	GlobalSection(SolutionProperties) = preSolution
		HideSolutionNode = FALSE
	EndGlobalSection
	GlobalSection(ExtensibilityGlobals) = postSolution
		SolutionGuid = {AC535C2B-25C9-4F78-A61F-B8CB05A1BE3C}
	EndGlobalSection
EndGlobal
